
Microsoft Visual Studio Solution File, Format Version 12.00
# Visual Studio 15
VisualStudioVersion = 15.0.26730.8
MinimumVisualStudioVersion = 10.0.40219.1
Project("{FAE04EC0-301F-11D3-BF4B-00C04F79EFBC}") = "DM106ProjetoFinal", "DM106ProjetoFinal\DM106ProjetoFinal.csproj", "{A0690BD0-B384-42FE-BE4A-3A3E397BA412}"
EndProject
Global
	GlobalSection(SolutionConfigurationPlatforms) = preSolution
		Debug|Any CPU = Debug|Any CPU
		Release|Any CPU = Release|Any CPU
	EndGlobalSection
	GlobalSection(ProjectConfigurationPlatforms) = postSolution
		{A0690BD0-B384-42FE-BE4A-3A3E397BA412}.Debug|Any CPU.ActiveCfg = Debug|Any CPU
		{A0690BD0-B384-42FE-BE4A-3A3E397BA412}.Debug|Any CPU.Build.0 = Debug|Any CPU
		{A0690BD0-B384-42FE-BE4A-3A3E397BA412}.Release|Any CPU.ActiveCfg = Release|Any CPU
		{A0690BD0-B384-42FE-BE4A-3A3E397BA412}.Release|Any CPU.Build.0 = Release|Any CPU
	EndGlobalSection
	GlobalSection(SolutionProperties) = preSolution
		HideSolutionNode = FALSE
	EndGlobalSection
	GlobalSection(ExtensibilityGlobals) = postSolution
		SolutionGuid = {764BEBEB-EA3D-489D-9B46-279EDD4751E5}
	EndGlobalSection
EndGlobal
